// !$*UTF8*$!
{
	archiveVersion = 1;
	classes = {
	};
	objectVersion = 48;
	objects = {

/* Begin PBXBuildFile section */
		ED057C391FB2A05200F329D1 /* Client.cpp in Sources */ = {isa = PBXBuildFile; fileRef = ED057C351FB2A05200F329D1 /* Client.cpp */; };
		ED49A7B21FB29FF500AFA868 /* main.cpp in Sources */ = {isa = PBXBuildFile; fileRef = ED49A7B11FB29FF500AFA868 /* main.cpp */; };
		ED96164B1FBF8754005056F7 /* mpu6050.cpp in Sources */ = {isa = PBXBuildFile; fileRef = ED9616471FBF8753005056F7 /* mpu6050.cpp */; };
		ED96164C1FBF8754005056F7 /* pca9685.cpp in Sources */ = {isa = PBXBuildFile; fileRef = ED9616481FBF8753005056F7 /* pca9685.cpp */; };
		ED96164D1FBF8754005056F7 /* esc.cpp in Sources */ = {isa = PBXBuildFile; fileRef = ED96164A1FBF8754005056F7 /* esc.cpp */; };
		EDD567281FD4789C00B6D9FF /* L293D.cpp in Sources */ = {isa = PBXBuildFile; fileRef = EDD567261FD4789C00B6D9FF /* L293D.cpp */; };
		EDD567311FD4F5B500B6D9FF /* ArduinoSlave.cpp in Sources */ = {isa = PBXBuildFile; fileRef = EDD5672F1FD4F5B500B6D9FF /* ArduinoSlave.cpp */; };
/* End PBXBuildFile section */

/* Begin PBXCopyFilesBuildPhase section */
		ED49A7AC1FB29FF500AFA868 /* CopyFiles */ = {
			isa = PBXCopyFilesBuildPhase;
			buildActionMask = 2147483647;
			dstPath = /usr/share/man/man1/;
			dstSubfolderSpec = 0;
			files = (
			);
			runOnlyForDeploymentPostprocessing = 1;
		};
/* End PBXCopyFilesBuildPhase section */

/* Begin PBXFileReference section */
		ED057C341FB2A05200F329D1 /* Client.h */ = {isa = PBXFileReference; fileEncoding = 4; lastKnownFileType = sourcecode.c.h; path = Client.h; sourceTree = "<group>"; };
		ED057C351FB2A05200F329D1 /* Client.cpp */ = {isa = PBXFileReference; fileEncoding = 4; lastKnownFileType = sourcecode.cpp.cpp; path = Client.cpp; sourceTree = "<group>"; };
		ED057C371FB2A05200F329D1 /* List.h */ = {isa = PBXFileReference; fileEncoding = 4; lastKnownFileType = sourcecode.c.h; path = List.h; sourceTree = "<group>"; };
		ED49A7AE1FB29FF500AFA868 /* RPiMaster */ = {isa = PBXFileReference; explicitFileType = "compiled.mach-o.executable"; includeInIndex = 0; path = RPiMaster; sourceTree = BUILT_PRODUCTS_DIR; };
		ED49A7B11FB29FF500AFA868 /* main.cpp */ = {isa = PBXFileReference; lastKnownFileType = sourcecode.cpp.cpp; path = main.cpp; sourceTree = "<group>"; };
		ED9616451FBF8753005056F7 /* mpu6050.h */ = {isa = PBXFileReference; fileEncoding = 4; lastKnownFileType = sourcecode.c.h; path = mpu6050.h; sourceTree = "<group>"; };
		ED9616461FBF8753005056F7 /* pca9685.h */ = {isa = PBXFileReference; fileEncoding = 4; lastKnownFileType = sourcecode.c.h; path = pca9685.h; sourceTree = "<group>"; };
		ED9616471FBF8753005056F7 /* mpu6050.cpp */ = {isa = PBXFileReference; fileEncoding = 4; lastKnownFileType = sourcecode.cpp.cpp; path = mpu6050.cpp; sourceTree = "<group>"; };
		ED9616481FBF8753005056F7 /* pca9685.cpp */ = {isa = PBXFileReference; fileEncoding = 4; lastKnownFileType = sourcecode.cpp.cpp; path = pca9685.cpp; sourceTree = "<group>"; };
		ED9616491FBF8754005056F7 /* esc.h */ = {isa = PBXFileReference; fileEncoding = 4; lastKnownFileType = sourcecode.c.h; path = esc.h; sourceTree = "<group>"; };
		ED96164A1FBF8754005056F7 /* esc.cpp */ = {isa = PBXFileReference; fileEncoding = 4; lastKnownFileType = sourcecode.cpp.cpp; path = esc.cpp; sourceTree = "<group>"; };
		EDD567261FD4789C00B6D9FF /* L293D.cpp */ = {isa = PBXFileReference; lastKnownFileType = sourcecode.cpp.cpp; path = L293D.cpp; sourceTree = "<group>"; };
		EDD567271FD4789C00B6D9FF /* L293D.hpp */ = {isa = PBXFileReference; lastKnownFileType = sourcecode.cpp.h; path = L293D.hpp; sourceTree = "<group>"; };
		EDD5672F1FD4F5B500B6D9FF /* ArduinoSlave.cpp */ = {isa = PBXFileReference; lastKnownFileType = sourcecode.cpp.cpp; path = ArduinoSlave.cpp; sourceTree = "<group>"; };
		EDD567301FD4F5B500B6D9FF /* ArduinoSlave.hpp */ = {isa = PBXFileReference; lastKnownFileType = sourcecode.cpp.h; path = ArduinoSlave.hpp; sourceTree = "<group>"; };
/* End PBXFileReference section */

/* Begin PBXFrameworksBuildPhase section */
		ED49A7AB1FB29FF500AFA868 /* Frameworks */ = {
			isa = PBXFrameworksBuildPhase;
			buildActionMask = 2147483647;
			files = (
			);
			runOnlyForDeploymentPostprocessing = 0;
		};
/* End PBXFrameworksBuildPhase section */

/* Begin PBXGroup section */
		ED49A7A51FB29FF500AFA868 = {
			isa = PBXGroup;
			children = (
				ED49A7B01FB29FF500AFA868 /* RPiMaster */,
				ED49A7AF1FB29FF500AFA868 /* Products */,
			);
			sourceTree = "<group>";
		};
		ED49A7AF1FB29FF500AFA868 /* Products */ = {
			isa = PBXGroup;
			children = (
				ED49A7AE1FB29FF500AFA868 /* RPiMaster */,
			);
			name = Products;
			sourceTree = "<group>";
		};
		ED49A7B01FB29FF500AFA868 /* RPiMaster */ = {
			isa = PBXGroup;
			children = (
				EDD567291FD4A10400B6D9FF /* Network */,
				EDD5672B1FD4A12800B6D9FF /* Outputs */,
				EDD5672E1FD4A16C00B6D9FF /* Inputs */,
				ED057C371FB2A05200F329D1 /* List.h */,
				ED49A7B11FB29FF500AFA868 /* main.cpp */,
			);
			path = RPiMaster;
			sourceTree = "<group>";
		};
		EDD567291FD4A10400B6D9FF /* Network */ = {
			isa = PBXGroup;
			children = (
				ED057C351FB2A05200F329D1 /* Client.cpp */,
				ED057C341FB2A05200F329D1 /* Client.h */,
			);
			name = Network;
			sourceTree = "<group>";
		};
		EDD5672B1FD4A12800B6D9FF /* Outputs */ = {
			isa = PBXGroup;
			children = (
				ED96164A1FBF8754005056F7 /* esc.cpp */,
				ED9616491FBF8754005056F7 /* esc.h */,
				ED9616481FBF8753005056F7 /* pca9685.cpp */,
				ED9616461FBF8753005056F7 /* pca9685.h */,
				EDD567261FD4789C00B6D9FF /* L293D.cpp */,
				EDD567271FD4789C00B6D9FF /* L293D.hpp */,
			);
			name = Outputs;
			sourceTree = "<group>";
		};
		EDD5672E1FD4A16C00B6D9FF /* Inputs */ = {
			isa = PBXGroup;
			children = (
				ED9616471FBF8753005056F7 /* mpu6050.cpp */,
				ED9616451FBF8753005056F7 /* mpu6050.h */,
				EDD5672F1FD4F5B500B6D9FF /* ArduinoSlave.cpp */,
				EDD567301FD4F5B500B6D9FF /* ArduinoSlave.hpp */,
			);
			name = Inputs;
			sourceTree = "<group>";
		};
/* End PBXGroup section */

/* Begin PBXNativeTarget section */
		ED49A7AD1FB29FF500AFA868 /* RPiMaster */ = {
			isa = PBXNativeTarget;
			buildConfigurationList = ED49A7B51FB29FF500AFA868 /* Build configuration list for PBXNativeTarget "RPiMaster" */;
			buildPhases = (
				ED49A7AA1FB29FF500AFA868 /* Sources */,
				ED49A7AB1FB29FF500AFA868 /* Frameworks */,
				ED49A7AC1FB29FF500AFA868 /* CopyFiles */,
			);
			buildRules = (
			);
			dependencies = (
			);
			name = RPiMaster;
			productName = RPiMaster;
			productReference = ED49A7AE1FB29FF500AFA868 /* RPiMaster */;
			productType = "com.apple.product-type.tool";
		};
/* End PBXNativeTarget section */

/* Begin PBXProject section */
		ED49A7A61FB29FF500AFA868 /* Project object */ = {
			isa = PBXProject;
			attributes = {
				LastUpgradeCheck = 0910;
				ORGANIZATIONNAME = "David Kopala";
				TargetAttributes = {
					ED49A7AD1FB29FF500AFA868 = {
						CreatedOnToolsVersion = 9.1;
						ProvisioningStyle = Automatic;
					};
				};
			};
			buildConfigurationList = ED49A7A91FB29FF500AFA868 /* Build configuration list for PBXProject "RPiMaster" */;
			compatibilityVersion = "Xcode 8.0";
			developmentRegion = en;
			hasScannedForEncodings = 0;
			knownRegions = (
				en,
			);
			mainGroup = ED49A7A51FB29FF500AFA868;
			productRefGroup = ED49A7AF1FB29FF500AFA868 /* Products */;
			projectDirPath = "";
			projectRoot = "";
			targets = (
				ED49A7AD1FB29FF500AFA868 /* RPiMaster */,
			);
		};
/* End PBXProject section */

/* Begin PBXSourcesBuildPhase section */
		ED49A7AA1FB29FF500AFA868 /* Sources */ = {
			isa = PBXSourcesBuildPhase;
			buildActionMask = 2147483647;
			files = (
				ED96164C1FBF8754005056F7 /* pca9685.cpp in Sources */,
				EDD567311FD4F5B500B6D9FF /* ArduinoSlave.cpp in Sources */,
				ED057C391FB2A05200F329D1 /* Client.cpp in Sources */,
				ED96164D1FBF8754005056F7 /* esc.cpp in Sources */,
				ED96164B1FBF8754005056F7 /* mpu6050.cpp in Sources */,
				EDD567281FD4789C00B6D9FF /* L293D.cpp in Sources */,
				ED49A7B21FB29FF500AFA868 /* main.cpp in Sources */,
			);
			runOnlyForDeploymentPostprocessing = 0;
		};
/* End PBXSourcesBuildPhase section */

/* Begin XCBuildConfiguration section */
		ED49A7B31FB29FF500AFA868 /* Debug */ = {
			isa = XCBuildConfiguration;
			buildSettings = {
				ALWAYS_SEARCH_USER_PATHS = NO;
				CLANG_ANALYZER_NONNULL = YES;
				CLANG_ANALYZER_NUMBER_OBJECT_CONVERSION = YES_AGGRESSIVE;
				CLANG_CXX_LANGUAGE_STANDARD = "gnu++14";
				CLANG_CXX_LIBRARY = "libc++";
				CLANG_ENABLE_MODULES = YES;
				CLANG_ENABLE_OBJC_ARC = YES;
				CLANG_WARN_BLOCK_CAPTURE_AUTORELEASING = YES;
				CLANG_WARN_BOOL_CONVERSION = YES;
				CLANG_WARN_COMMA = YES;
				CLANG_WARN_CONSTANT_CONVERSION = YES;
				CLANG_WARN_DIRECT_OBJC_ISA_USAGE = YES_ERROR;
				CLANG_WARN_DOCUMENTATION_COMMENTS = YES;
				CLANG_WARN_EMPTY_BODY = YES;
				CLANG_WARN_ENUM_CONVERSION = YES;
				CLANG_WARN_INFINITE_RECURSION = YES;
				CLANG_WARN_INT_CONVERSION = YES;
				CLANG_WARN_NON_LITERAL_NULL_CONVERSION = YES;
				CLANG_WARN_OBJC_LITERAL_CONVERSION = YES;
				CLANG_WARN_OBJC_ROOT_CLASS = YES_ERROR;
				CLANG_WARN_RANGE_LOOP_ANALYSIS = YES;
				CLANG_WARN_STRICT_PROTOTYPES = YES;
				CLANG_WARN_SUSPICIOUS_MOVE = YES;
				CLANG_WARN_UNGUARDED_AVAILABILITY = YES_AGGRESSIVE;
				CLANG_WARN_UNREACHABLE_CODE = YES;
				CLANG_WARN__DUPLICATE_METHOD_MATCH = YES;
				CODE_SIGN_IDENTITY = "Mac Developer";
				COPY_PHASE_STRIP = NO;
				DEBUG_INFORMATION_FORMAT = dwarf;
				ENABLE_STRICT_OBJC_MSGSEND = YES;
				ENABLE_TESTABILITY = YES;
				GCC_C_LANGUAGE_STANDARD = gnu11;
				GCC_DYNAMIC_NO_PIC = NO;
				GCC_NO_COMMON_BLOCKS = YES;
				GCC_OPTIMIZATION_LEVEL = 0;
				GCC_PREPROCESSOR_DEFINITIONS = (
					"DEBUG=1",
					"$(inherited)",
				);
				GCC_WARN_64_TO_32_BIT_CONVERSION = YES;
				GCC_WARN_ABOUT_RETURN_TYPE = YES_ERROR;
				GCC_WARN_UNDECLARED_SELECTOR = YES;
				GCC_WARN_UNINITIALIZED_AUTOS = YES_AGGRESSIVE;
				GCC_WARN_UNUSED_FUNCTION = YES;
				GCC_WARN_UNUSED_VARIABLE = YES;
				MACOSX_DEPLOYMENT_TARGET = 10.12;
				MTL_ENABLE_DEBUG_INFO = YES;
				ONLY_ACTIVE_ARCH = YES;
				SDKROOT = macosx;
			};
			name = Debug;
		};
		ED49A7B41FB29FF500AFA868 /* Release */ = {
			isa = XCBuildConfiguration;
			buildSettings = {
				ALWAYS_SEARCH_USER_PATHS = NO;
				CLANG_ANALYZER_NONNULL = YES;
				CLANG_ANALYZER_NUMBER_OBJECT_CONVERSION = YES_AGGRESSIVE;
				CLANG_CXX_LANGUAGE_STANDARD = "gnu++14";
				CLANG_CXX_LIBRARY = "libc++";
				CLANG_ENABLE_MODULES = YES;
				CLANG_ENABLE_OBJC_ARC = YES;
				CLANG_WARN_BLOCK_CAPTURE_AUTORELEASING = YES;
				CLANG_WARN_BOOL_CONVERSION = YES;
				CLANG_WARN_COMMA = YES;
				CLANG_WARN_CONSTANT_CONVERSION = YES;
				CLANG_WARN_DIRECT_OBJC_ISA_USAGE = YES_ERROR;
				CLANG_WARN_DOCUMENTATION_COMMENTS = YES;
				CLANG_WARN_EMPTY_BODY = YES;
				CLANG_WARN_ENUM_CONVERSION = YES;
				CLANG_WARN_INFINITE_RECURSION = YES;
				CLANG_WARN_INT_CONVERSION = YES;
				CLANG_WARN_NON_LITERAL_NULL_CONVERSION = YES;
				CLANG_WARN_OBJC_LITERAL_CONVERSION = YES;
				CLANG_WARN_OBJC_ROOT_CLASS = YES_ERROR;
				CLANG_WARN_RANGE_LOOP_ANALYSIS = YES;
				CLANG_WARN_STRICT_PROTOTYPES = YES;
				CLANG_WARN_SUSPICIOUS_MOVE = YES;
				CLANG_WARN_UNGUARDED_AVAILABILITY = YES_AGGRESSIVE;
				CLANG_WARN_UNREACHABLE_CODE = YES;
				CLANG_WARN__DUPLICATE_METHOD_MATCH = YES;
				CODE_SIGN_IDENTITY = "Mac Developer";
				COPY_PHASE_STRIP = NO;
				DEBUG_INFORMATION_FORMAT = "dwarf-with-dsym";
				ENABLE_NS_ASSERTIONS = NO;
				ENABLE_STRICT_OBJC_MSGSEND = YES;
				GCC_C_LANGUAGE_STANDARD = gnu11;
				GCC_NO_COMMON_BLOCKS = YES;
				GCC_WARN_64_TO_32_BIT_CONVERSION = YES;
				GCC_WARN_ABOUT_RETURN_TYPE = YES_ERROR;
				GCC_WARN_UNDECLARED_SELECTOR = YES;
				GCC_WARN_UNINITIALIZED_AUTOS = YES_AGGRESSIVE;
				GCC_WARN_UNUSED_FUNCTION = YES;
				GCC_WARN_UNUSED_VARIABLE = YES;
				MACOSX_DEPLOYMENT_TARGET = 10.12;
				MTL_ENABLE_DEBUG_INFO = NO;
				SDKROOT = macosx;
			};
			name = Release;
		};
		ED49A7B61FB29FF500AFA868 /* Debug */ = {
			isa = XCBuildConfiguration;
			buildSettings = {
				CODE_SIGN_STYLE = Automatic;
				DEVELOPMENT_TEAM = GJXXRYA9GQ;
				PRODUCT_NAME = "$(TARGET_NAME)";
			};
			name = Debug;
		};
		ED49A7B71FB29FF500AFA868 /* Release */ = {
			isa = XCBuildConfiguration;
			buildSettings = {
				CODE_SIGN_STYLE = Automatic;
				DEVELOPMENT_TEAM = GJXXRYA9GQ;
				PRODUCT_NAME = "$(TARGET_NAME)";
			};
			name = Release;
		};
/* End XCBuildConfiguration section */

/* Begin XCConfigurationList section */
		ED49A7A91FB29FF500AFA868 /* Build configuration list for PBXProject "RPiMaster" */ = {
			isa = XCConfigurationList;
			buildConfigurations = (
				ED49A7B31FB29FF500AFA868 /* Debug */,
				ED49A7B41FB29FF500AFA868 /* Release */,
			);
			defaultConfigurationIsVisible = 0;
			defaultConfigurationName = Release;
		};
		ED49A7B51FB29FF500AFA868 /* Build configuration list for PBXNativeTarget "RPiMaster" */ = {
			isa = XCConfigurationList;
			buildConfigurations = (
				ED49A7B61FB29FF500AFA868 /* Debug */,
				ED49A7B71FB29FF500AFA868 /* Release */,
			);
			defaultConfigurationIsVisible = 0;
			defaultConfigurationName = Release;
		};
/* End XCConfigurationList section */
	};
	rootObject = ED49A7A61FB29FF500AFA868 /* Project object */;
}
